// !$*UTF8*$!
{
	archiveVersion = 1;
	classes = {
	};
	objectVersion = 56;
	objects = {

/* Begin PBXBuildFile section */
		A10000000000000000000001 /* AIVAULTNativeWorkerApp.swift in Sources */ = {isa = PBXBuildFile; fileRef = B10000000000000000000001 /* AIVAULTNativeWorkerApp.swift */; };
		A10000000000000000000002 /* AIVAULTNativeHardware.swift in Sources */ = {isa = PBXBuildFile; fileRef = B10000000000000000000002 /* AIVAULTNativeHardware.swift */; };
		A10000000000000000000003 /* AIVAULTWebBridge.swift in Sources */ = {isa = PBXBuildFile; fileRef = B10000000000000000000003 /* AIVAULTWebBridge.swift */; };
		A10000000000000000000004 /* LaunchScreen.storyboard in Resources */ = {isa = PBXBuildFile; fileRef = B10000000000000000000004 /* LaunchScreen.storyboard */; };
/* End PBXBuildFile section */

/* Begin PBXFileReference section */
		B10000000000000000000001 /* AIVAULTNativeWorkerApp.swift */ = {isa = PBXFileReference; lastKnownFileType = sourcecode.swift; path = AIVAULTNativeWorkerApp.swift; sourceTree = "<group>"; };
		B10000000000000000000002 /* AIVAULTNativeHardware.swift */ = {isa = PBXFileReference; lastKnownFileType = sourcecode.swift; path = ../AIVAULTNativeWorker/AIVAULTNativeHardware.swift; sourceTree = "<group>"; };
		B10000000000000000000003 /* AIVAULTWebBridge.swift */ = {isa = PBXFileReference; lastKnownFileType = sourcecode.swift; path = ../AIVAULTNativeWorker/AIVAULTWebBridge.swift; sourceTree = "<group>"; };
		B10000000000000000000004 /* LaunchScreen.storyboard */ = {isa = PBXFileReference; lastKnownFileType = file.storyboard; path = LaunchScreen.storyboard; sourceTree = "<group>"; };
		B10000000000000000000005 /* Info.plist */ = {isa = PBXFileReference; lastKnownFileType = text.plist.xml; path = Info.plist; sourceTree = "<group>"; };
		B10000000000000000000006 /* AIVAULTNativeWorkerApp.app */ = {isa = PBXFileReference; explicitFileType = wrapper.application; includeInIndex = 0; path = AIVAULTNativeWorkerApp.app; sourceTree = BUILT_PRODUCTS_DIR; };
/* End PBXFileReference section */

/* Begin PBXFrameworksBuildPhase section */
		C10000000000000000000001 /* Frameworks */ = {isa = PBXFrameworksBuildPhase; buildActionMask = 2147483647; files = (); runOnlyForDeploymentPostprocessing = 0; };
/* End PBXFrameworksBuildPhase section */

/* Begin PBXGroup section */
		D10000000000000000000001 = {
			isa = PBXGroup;
			children = (
				D10000000000000000000002 /* AIVAULTNativeWorkerApp */,
				D10000000000000000000003 /* AIVAULTNativeWorker */,
				D10000000000000000000004 /* Products */,
			);
			sourceTree = "<group>";
		};
		D10000000000000000000002 /* AIVAULTNativeWorkerApp */ = {
			isa = PBXGroup;
			children = (
				B10000000000000000000001 /* AIVAULTNativeWorkerApp.swift */,
				B10000000000000000000004 /* LaunchScreen.storyboard */,
				B10000000000000000000005 /* Info.plist */,
			);
			path = AIVAULTNativeWorkerApp;
			sourceTree = "<group>";
		};
		D10000000000000000000003 /* AIVAULTNativeWorker */ = {
			isa = PBXGroup;
			children = (
				B10000000000000000000002 /* AIVAULTNativeHardware.swift */,
				B10000000000000000000003 /* AIVAULTWebBridge.swift */,
			);
			path = AIVAULTNativeWorker;
			sourceTree = "<group>";
		};
		D10000000000000000000004 /* Products */ = {
			isa = PBXGroup;
			children = (
				B10000000000000000000006 /* AIVAULTNativeWorkerApp.app */,
			);
			name = Products;
			sourceTree = "<group>";
		};
/* End PBXGroup section */

/* Begin PBXNativeTarget section */
		E10000000000000000000001 /* AIVAULTNativeWorkerApp */ = {
			isa = PBXNativeTarget;
			buildConfigurationList = F10000000000000000000002 /* Build configuration list for PBXNativeTarget "AIVAULTNativeWorkerApp" */;
			buildPhases = (
				C10000000000000000000002 /* Sources */,
				C10000000000000000000001 /* Frameworks */,
				C10000000000000000000003 /* Resources */,
			);
			buildRules = ();
			dependencies = ();
			name = AIVAULTNativeWorkerApp;
			productName = AIVAULTNativeWorkerApp;
			productReference = B10000000000000000000006 /* AIVAULTNativeWorkerApp.app */;
			productType = "com.apple.product-type.application";
		};
/* End PBXNativeTarget section */

/* Begin PBXProject section */
		E20000000000000000000001 /* Project object */ = {
			isa = PBXProject;
			attributes = {
				LastUpgradeCheck = 1600;
				TargetAttributes = {
					E10000000000000000000001 = {
						CreatedOnToolsVersion = 16.0;
					};
				};
			};
			buildConfigurationList = F10000000000000000000001 /* Build configuration list for PBXProject "AIVAULTNativeWorker" */;
			compatibilityVersion = "Xcode 14.0";
			developmentRegion = en;
			hasScannedForEncodings = 0;
			knownRegions = (
				en,
				Base,
			);
			mainGroup = D10000000000000000000001;
			productRefGroup = D10000000000000000000004 /* Products */;
			projectDirPath = "";
			projectRoot = "";
			targets = (
				E10000000000000000000001 /* AIVAULTNativeWorkerApp */,
			);
		};
/* End PBXProject section */

/* Begin PBXResourcesBuildPhase section */
		C10000000000000000000003 /* Resources */ = {
			isa = PBXResourcesBuildPhase;
			buildActionMask = 2147483647;
			files = (
				A10000000000000000000004 /* LaunchScreen.storyboard in Resources */,
			);
			runOnlyForDeploymentPostprocessing = 0;
		};
/* End PBXResourcesBuildPhase section */

/* Begin PBXSourcesBuildPhase section */
		C10000000000000000000002 /* Sources */ = {
			isa = PBXSourcesBuildPhase;
			buildActionMask = 2147483647;
			files = (
				A10000000000000000000001 /* AIVAULTNativeWorkerApp.swift in Sources */,
				A10000000000000000000002 /* AIVAULTNativeHardware.swift in Sources */,
				A10000000000000000000003 /* AIVAULTWebBridge.swift in Sources */,
			);
			runOnlyForDeploymentPostprocessing = 0;
		};
/* End PBXSourcesBuildPhase section */

/* Begin XCBuildConfiguration section */
		F20000000000000000000001 /* Debug */ = {
			isa = XCBuildConfiguration;
			buildSettings = {
				ALWAYS_SEARCH_USER_PATHS = NO;
				CLANG_ENABLE_MODULES = YES;
				IPHONEOS_DEPLOYMENT_TARGET = 17.0;
				SDKROOT = iphoneos;
				SWIFT_VERSION = 5.0;
			};
			name = Debug;
		};
		F20000000000000000000002 /* Release */ = {
			isa = XCBuildConfiguration;
			buildSettings = {
				ALWAYS_SEARCH_USER_PATHS = NO;
				CLANG_ENABLE_MODULES = YES;
				IPHONEOS_DEPLOYMENT_TARGET = 17.0;
				SDKROOT = iphoneos;
				SWIFT_VERSION = 5.0;
			};
			name = Release;
		};
		F20000000000000000000003 /* Debug */ = {
			isa = XCBuildConfiguration;
			buildSettings = {
				CODE_SIGN_STYLE = Automatic;
				GENERATE_INFOPLIST_FILE = NO;
				INFOPLIST_FILE = Info.plist;
				PRODUCT_BUNDLE_IDENTIFIER = com.aivault.compute.mesh.worker;
				PRODUCT_NAME = "$(TARGET_NAME)";
				SWIFT_OPTIMIZATION_LEVEL = "-Onone";
				TARGETED_DEVICE_FAMILY = "1,2";
				IPHONEOS_DEPLOYMENT_TARGET = 17.0;
				SWIFT_VERSION = 5.0;
			};
			name = Debug;
		};
		F20000000000000000000004 /* Release */ = {
			isa = XCBuildConfiguration;
			buildSettings = {
				CODE_SIGN_STYLE = Automatic;
				GENERATE_INFOPLIST_FILE = NO;
				INFOPLIST_FILE = Info.plist;
				PRODUCT_BUNDLE_IDENTIFIER = com.aivault.compute.mesh.worker;
				PRODUCT_NAME = "$(TARGET_NAME)";
				TARGETED_DEVICE_FAMILY = "1,2";
				IPHONEOS_DEPLOYMENT_TARGET = 17.0;
				SWIFT_VERSION = 5.0;
			};
			name = Release;
		};
/* End XCBuildConfiguration section */

/* Begin XCConfigurationList section */
		F10000000000000000000001 /* Build configuration list for PBXProject "AIVAULTNativeWorker" */ = {
			isa = XCConfigurationList;
			buildConfigurations = (
				F20000000000000000000001 /* Debug */,
				F20000000000000000000002 /* Release */,
			);
			defaultConfigurationIsVisible = 0;
			defaultConfigurationName = Release;
		};
		F10000000000000000000002 /* Build configuration list for PBXNativeTarget "AIVAULTNativeWorkerApp" */ = {
			isa = XCConfigurationList;
			buildConfigurations = (
				F20000000000000000000003 /* Debug */,
				F20000000000000000000004 /* Release */,
			);
			defaultConfigurationIsVisible = 0;
			defaultConfigurationName = Release;
		};
/* End XCConfigurationList section */
	};
	rootObject = E20000000000000000000001 /* Project object */;
}
